
Microsoft Visual Studio Solution File, Format Version 12.00
# Visual Studio 15
VisualStudioVersion = 15.0.28010.2046
MinimumVisualStudioVersion = 10.0.40219.1
Project("{FAE04EC0-301F-11D3-BF4B-00C04F79EFBC}") = "APIPractice", "APIPractice\APIPractice.csproj", "{2FA9F388-AB79-45D4-9023-FE68E60D976E}"
EndProject
Global
	GlobalSection(SolutionConfigurationPlatforms) = preSolution
		Debug|Any CPU = Debug|Any CPU
		Release|Any CPU = Release|Any CPU
	EndGlobalSection
	GlobalSection(ProjectConfigurationPlatforms) = postSolution
		{2FA9F388-AB79-45D4-9023-FE68E60D976E}.Debug|Any CPU.ActiveCfg = Debug|Any CPU
		{2FA9F388-AB79-45D4-9023-FE68E60D976E}.Debug|Any CPU.Build.0 = Debug|Any CPU
		{2FA9F388-AB79-45D4-9023-FE68E60D976E}.Release|Any CPU.ActiveCfg = Release|Any CPU
		{2FA9F388-AB79-45D4-9023-FE68E60D976E}.Release|Any CPU.Build.0 = Release|Any CPU
	EndGlobalSection
	GlobalSection(SolutionProperties) = preSolution
		HideSolutionNode = FALSE
	EndGlobalSection
	GlobalSection(ExtensibilityGlobals) = postSolution
		SolutionGuid = {70B34B55-2665-49E7-864C-1E3428F31A78}
	EndGlobalSection
EndGlobal
